
Microsoft Visual Studio Solution File, Format Version 12.00
# Visual Studio Version 17
VisualStudioVersion = 17.11.35222.181
MinimumVisualStudioVersion = 10.0.40219.1
Project("{8BC9CEB8-8B4A-11D0-8D11-00A0C91BC942}") = "Performance Testing Distance Calculations (3D)", "Performance Testing Distance Calculations (3D)\Performance Testing Distance Calculations (3D).vcxproj", "{DD47C923-3C69-4CDF-8164-05A4863DE347}"
EndProject
Global
	GlobalSection(SolutionConfigurationPlatforms) = preSolution
		Debug|x64 = Debug|x64
		Debug|x86 = Debug|x86
		Release|x64 = Release|x64
		Release|x86 = Release|x86
	EndGlobalSection
	GlobalSection(ProjectConfigurationPlatforms) = postSolution
		{DD47C923-3C69-4CDF-8164-05A4863DE347}.Debug|x64.ActiveCfg = Debug|x64
		{DD47C923-3C69-4CDF-8164-05A4863DE347}.Debug|x64.Build.0 = Debug|x64
		{DD47C923-3C69-4CDF-8164-05A4863DE347}.Debug|x86.ActiveCfg = Debug|Win32
		{DD47C923-3C69-4CDF-8164-05A4863DE347}.Debug|x86.Build.0 = Debug|Win32
		{DD47C923-3C69-4CDF-8164-05A4863DE347}.Release|x64.ActiveCfg = Release|x64
		{DD47C923-3C69-4CDF-8164-05A4863DE347}.Release|x64.Build.0 = Release|x64
		{DD47C923-3C69-4CDF-8164-05A4863DE347}.Release|x86.ActiveCfg = Release|Win32
		{DD47C923-3C69-4CDF-8164-05A4863DE347}.Release|x86.Build.0 = Release|Win32
	EndGlobalSection
	GlobalSection(SolutionProperties) = preSolution
		HideSolutionNode = FALSE
	EndGlobalSection
	GlobalSection(ExtensibilityGlobals) = postSolution
		SolutionGuid = {9614EF70-0DC2-4BA1-8645-B75F01809FA0}
	EndGlobalSection
EndGlobal
